
Microsoft Visual Studio Solution File, Format Version 12.00
# Visual Studio Version 16
VisualStudioVersion = 16.0.29613.14
MinimumVisualStudioVersion = 15.0.26124.0
Project("{6EC3EE1D-3C4E-46DD-8F32-0CC8E7565705}") = "pipeline-demo-app", "src\pipeline-demo-app\pipeline-demo-app.fsproj", "{2B9FBBE3-0050-4B46-BBDF-B49EB33DD735}"
EndProject
Project("{6EC3EE1D-3C4E-46DD-8F32-0CC8E7565705}") = "pipeline-demo-app.Tests", "test\pipeline-demo-app.Tests\pipeline-demo-app.Tests.fsproj", "{11DF94B7-E873-4231-A336-2A90CCD5A4DF}"
EndProject
Project("{2150E333-8FDC-42A3-9474-1A3956D46DE8}") = "Solution Items", "Solution Items", "{BB994E83-04C8-46E4-9F81-C98581DF9867}"
	ProjectSection(SolutionItems) = preProject
		.circleci\config.yml = .circleci\config.yml
		docker-compose.yml = docker-compose.yml
		NOTES.md = NOTES.md
		README.md = README.md
	EndProjectSection
EndProject
Project("{2150E333-8FDC-42A3-9474-1A3956D46DE8}") = "SampleData", "SampleData", "{9C55978F-01F3-4D6F-97DC-3CE93DCACC2B}"
	ProjectSection(SolutionItems) = preProject
		data\quote-01.json = data\quote-01.json
		data\quote-02.json = data\quote-02.json
	EndProjectSection
EndProject
Project("{6EC3EE1D-3C4E-46DD-8F32-0CC8E7565705}") = "TestConsole", "src\TestConsole\TestConsole.fsproj", "{1AD02440-D8BF-4F8D-855C-21BD5F10A07A}"
EndProject
Global
	GlobalSection(SolutionConfigurationPlatforms) = preSolution
		Debug|Any CPU = Debug|Any CPU
		Debug|x64 = Debug|x64
		Debug|x86 = Debug|x86
		Release|Any CPU = Release|Any CPU
		Release|x64 = Release|x64
		Release|x86 = Release|x86
	EndGlobalSection
	GlobalSection(ProjectConfigurationPlatforms) = postSolution
		{2B9FBBE3-0050-4B46-BBDF-B49EB33DD735}.Debug|Any CPU.ActiveCfg = Debug|Any CPU
		{2B9FBBE3-0050-4B46-BBDF-B49EB33DD735}.Debug|Any CPU.Build.0 = Debug|Any CPU
		{2B9FBBE3-0050-4B46-BBDF-B49EB33DD735}.Debug|x64.ActiveCfg = Debug|Any CPU
		{2B9FBBE3-0050-4B46-BBDF-B49EB33DD735}.Debug|x64.Build.0 = Debug|Any CPU
		{2B9FBBE3-0050-4B46-BBDF-B49EB33DD735}.Debug|x86.ActiveCfg = Debug|Any CPU
		{2B9FBBE3-0050-4B46-BBDF-B49EB33DD735}.Debug|x86.Build.0 = Debug|Any CPU
		{2B9FBBE3-0050-4B46-BBDF-B49EB33DD735}.Release|Any CPU.ActiveCfg = Release|Any CPU
		{2B9FBBE3-0050-4B46-BBDF-B49EB33DD735}.Release|Any CPU.Build.0 = Release|Any CPU
		{2B9FBBE3-0050-4B46-BBDF-B49EB33DD735}.Release|x64.ActiveCfg = Release|Any CPU
		{2B9FBBE3-0050-4B46-BBDF-B49EB33DD735}.Release|x64.Build.0 = Release|Any CPU
		{2B9FBBE3-0050-4B46-BBDF-B49EB33DD735}.Release|x86.ActiveCfg = Release|Any CPU
		{2B9FBBE3-0050-4B46-BBDF-B49EB33DD735}.Release|x86.Build.0 = Release|Any CPU
		{11DF94B7-E873-4231-A336-2A90CCD5A4DF}.Debug|Any CPU.ActiveCfg = Debug|Any CPU
		{11DF94B7-E873-4231-A336-2A90CCD5A4DF}.Debug|Any CPU.Build.0 = Debug|Any CPU
		{11DF94B7-E873-4231-A336-2A90CCD5A4DF}.Debug|x64.ActiveCfg = Debug|Any CPU
		{11DF94B7-E873-4231-A336-2A90CCD5A4DF}.Debug|x64.Build.0 = Debug|Any CPU
		{11DF94B7-E873-4231-A336-2A90CCD5A4DF}.Debug|x86.ActiveCfg = Debug|Any CPU
		{11DF94B7-E873-4231-A336-2A90CCD5A4DF}.Debug|x86.Build.0 = Debug|Any CPU
		{11DF94B7-E873-4231-A336-2A90CCD5A4DF}.Release|Any CPU.ActiveCfg = Release|Any CPU
		{11DF94B7-E873-4231-A336-2A90CCD5A4DF}.Release|Any CPU.Build.0 = Release|Any CPU
		{11DF94B7-E873-4231-A336-2A90CCD5A4DF}.Release|x64.ActiveCfg = Release|Any CPU
		{11DF94B7-E873-4231-A336-2A90CCD5A4DF}.Release|x64.Build.0 = Release|Any CPU
		{11DF94B7-E873-4231-A336-2A90CCD5A4DF}.Release|x86.ActiveCfg = Release|Any CPU
		{11DF94B7-E873-4231-A336-2A90CCD5A4DF}.Release|x86.Build.0 = Release|Any CPU
		{1AD02440-D8BF-4F8D-855C-21BD5F10A07A}.Debug|Any CPU.ActiveCfg = Debug|Any CPU
		{1AD02440-D8BF-4F8D-855C-21BD5F10A07A}.Debug|Any CPU.Build.0 = Debug|Any CPU
		{1AD02440-D8BF-4F8D-855C-21BD5F10A07A}.Debug|x64.ActiveCfg = Debug|Any CPU
		{1AD02440-D8BF-4F8D-855C-21BD5F10A07A}.Debug|x64.Build.0 = Debug|Any CPU
		{1AD02440-D8BF-4F8D-855C-21BD5F10A07A}.Debug|x86.ActiveCfg = Debug|Any CPU
		{1AD02440-D8BF-4F8D-855C-21BD5F10A07A}.Debug|x86.Build.0 = Debug|Any CPU
		{1AD02440-D8BF-4F8D-855C-21BD5F10A07A}.Release|Any CPU.ActiveCfg = Release|Any CPU
		{1AD02440-D8BF-4F8D-855C-21BD5F10A07A}.Release|Any CPU.Build.0 = Release|Any CPU
		{1AD02440-D8BF-4F8D-855C-21BD5F10A07A}.Release|x64.ActiveCfg = Release|Any CPU
		{1AD02440-D8BF-4F8D-855C-21BD5F10A07A}.Release|x64.Build.0 = Release|Any CPU
		{1AD02440-D8BF-4F8D-855C-21BD5F10A07A}.Release|x86.ActiveCfg = Release|Any CPU
		{1AD02440-D8BF-4F8D-855C-21BD5F10A07A}.Release|x86.Build.0 = Release|Any CPU
	EndGlobalSection
	GlobalSection(SolutionProperties) = preSolution
		HideSolutionNode = FALSE
	EndGlobalSection
	GlobalSection(ExtensibilityGlobals) = postSolution
		SolutionGuid = {968D3E79-0663-4A5C-95C5-ADF3D369A286}
	EndGlobalSection
EndGlobal
